
Microsoft Visual Studio Solution File, Format Version 12.00
# Visual Studio Version 16
VisualStudioVersion = 16.6.30114.105
MinimumVisualStudioVersion = 10.0.40219.1
Project("{2150E333-8FDC-42A3-9474-1A3956D46DE8}") = "src", "src", "{98C84209-6BA8-4753-9A33-72D59056A506}"
EndProject
Project("{FAE04EC0-301F-11D3-BF4B-00C04F79EFBC}") = "GymLog.FunctionApp", "src\GymLog.FunctionApp\GymLog.FunctionApp.csproj", "{DEE24E42-7E07-4927-83AC-D9401F22DB18}"
EndProject
Project("{2150E333-8FDC-42A3-9474-1A3956D46DE8}") = "test", "test", "{444AB6ED-7ACA-4812-B784-D86D5977F8C4}"
EndProject
Project("{FAE04EC0-301F-11D3-BF4B-00C04F79EFBC}") = "GymLog.FunctionApp.Tests", "test\GymLog.FunctionApp.Tests\GymLog.FunctionApp.Tests.csproj", "{B09B8B23-EB5A-4867-B09B-BC288C3F63A8}"
EndProject
Global
	GlobalSection(SolutionConfigurationPlatforms) = preSolution
		Debug|Any CPU = Debug|Any CPU
		Debug|x64 = Debug|x64
		Debug|x86 = Debug|x86
		Release|Any CPU = Release|Any CPU
		Release|x64 = Release|x64
		Release|x86 = Release|x86
	EndGlobalSection
	GlobalSection(SolutionProperties) = preSolution
		HideSolutionNode = FALSE
	EndGlobalSection
	GlobalSection(ProjectConfigurationPlatforms) = postSolution
		{DEE24E42-7E07-4927-83AC-D9401F22DB18}.Debug|Any CPU.ActiveCfg = Debug|Any CPU
		{DEE24E42-7E07-4927-83AC-D9401F22DB18}.Debug|Any CPU.Build.0 = Debug|Any CPU
		{DEE24E42-7E07-4927-83AC-D9401F22DB18}.Debug|x64.ActiveCfg = Debug|Any CPU
		{DEE24E42-7E07-4927-83AC-D9401F22DB18}.Debug|x64.Build.0 = Debug|Any CPU
		{DEE24E42-7E07-4927-83AC-D9401F22DB18}.Debug|x86.ActiveCfg = Debug|Any CPU
		{DEE24E42-7E07-4927-83AC-D9401F22DB18}.Debug|x86.Build.0 = Debug|Any CPU
		{DEE24E42-7E07-4927-83AC-D9401F22DB18}.Release|Any CPU.ActiveCfg = Release|Any CPU
		{DEE24E42-7E07-4927-83AC-D9401F22DB18}.Release|Any CPU.Build.0 = Release|Any CPU
		{DEE24E42-7E07-4927-83AC-D9401F22DB18}.Release|x64.ActiveCfg = Release|Any CPU
		{DEE24E42-7E07-4927-83AC-D9401F22DB18}.Release|x64.Build.0 = Release|Any CPU
		{DEE24E42-7E07-4927-83AC-D9401F22DB18}.Release|x86.ActiveCfg = Release|Any CPU
		{DEE24E42-7E07-4927-83AC-D9401F22DB18}.Release|x86.Build.0 = Release|Any CPU
		{B09B8B23-EB5A-4867-B09B-BC288C3F63A8}.Debug|Any CPU.ActiveCfg = Debug|Any CPU
		{B09B8B23-EB5A-4867-B09B-BC288C3F63A8}.Debug|Any CPU.Build.0 = Debug|Any CPU
		{B09B8B23-EB5A-4867-B09B-BC288C3F63A8}.Debug|x64.ActiveCfg = Debug|Any CPU
		{B09B8B23-EB5A-4867-B09B-BC288C3F63A8}.Debug|x64.Build.0 = Debug|Any CPU
		{B09B8B23-EB5A-4867-B09B-BC288C3F63A8}.Debug|x86.ActiveCfg = Debug|Any CPU
		{B09B8B23-EB5A-4867-B09B-BC288C3F63A8}.Debug|x86.Build.0 = Debug|Any CPU
		{B09B8B23-EB5A-4867-B09B-BC288C3F63A8}.Release|Any CPU.ActiveCfg = Release|Any CPU
		{B09B8B23-EB5A-4867-B09B-BC288C3F63A8}.Release|Any CPU.Build.0 = Release|Any CPU
		{B09B8B23-EB5A-4867-B09B-BC288C3F63A8}.Release|x64.ActiveCfg = Release|Any CPU
		{B09B8B23-EB5A-4867-B09B-BC288C3F63A8}.Release|x64.Build.0 = Release|Any CPU
		{B09B8B23-EB5A-4867-B09B-BC288C3F63A8}.Release|x86.ActiveCfg = Release|Any CPU
		{B09B8B23-EB5A-4867-B09B-BC288C3F63A8}.Release|x86.Build.0 = Release|Any CPU
	EndGlobalSection
	GlobalSection(NestedProjects) = preSolution
		{DEE24E42-7E07-4927-83AC-D9401F22DB18} = {98C84209-6BA8-4753-9A33-72D59056A506}
		{B09B8B23-EB5A-4867-B09B-BC288C3F63A8} = {444AB6ED-7ACA-4812-B784-D86D5977F8C4}
	EndGlobalSection
EndGlobal
